
Microsoft Visual Studio Solution File, Format Version 12.00
# Visual Studio Version 16
VisualStudioVersion = 16.0.29411.108
MinimumVisualStudioVersion = 10.0.40219.1
Project("{FAE04EC0-301F-11D3-BF4B-00C04F79EFBC}") = "Smartlogic.Semaphore.Api", "Smartlogic.Semaphore.Api\Smartlogic.Semaphore.Api.csproj", "{88B2BAED-35B0-4280-8DD1-D15DDE7E62D2}"
EndProject
Global
	GlobalSection(SolutionConfigurationPlatforms) = preSolution
		Debug|Any CPU = Debug|Any CPU
		Release|Any CPU = Release|Any CPU
	EndGlobalSection
	GlobalSection(ProjectConfigurationPlatforms) = postSolution
		{88B2BAED-35B0-4280-8DD1-D15DDE7E62D2}.Debug|Any CPU.ActiveCfg = Debug|Any CPU
		{88B2BAED-35B0-4280-8DD1-D15DDE7E62D2}.Debug|Any CPU.Build.0 = Debug|Any CPU
		{88B2BAED-35B0-4280-8DD1-D15DDE7E62D2}.Release|Any CPU.ActiveCfg = Release|Any CPU
		{88B2BAED-35B0-4280-8DD1-D15DDE7E62D2}.Release|Any CPU.Build.0 = Release|Any CPU
	EndGlobalSection
	GlobalSection(SolutionProperties) = preSolution
		HideSolutionNode = FALSE
	EndGlobalSection
	GlobalSection(ExtensibilityGlobals) = postSolution
		SolutionGuid = {47D257B4-1C48-4C9C-8AB9-E690FD32DBE6}
	EndGlobalSection
EndGlobal
